
Microsoft Visual Studio Solution File, Format Version 12.00
Project("{FAE04EC0-301F-11D3-BF4B-00C04F79EFBC}") = "OrchestratorWebApi.Api", "OrchestratorWebApi.Api\OrchestratorWebApi.Api.csproj", "{F5ABFDDD-9E3F-4165-B781-6C20C0AB6A10}"
EndProject
Project("{FAE04EC0-301F-11D3-BF4B-00C04F79EFBC}") = "OrchestratorWebApi.Application", "OrchestratorWebApi.Application\OrchestratorWebApi.Application.csproj", "{E60AE7FA-C2F5-4EAC-8D61-0675E0F4F024}"
EndProject
Project("{FAE04EC0-301F-11D3-BF4B-00C04F79EFBC}") = "OrchestratorWebApi.Infrastructure", "OrchestratorWebApi.Infrastructure\OrchestratorWebApi.Infrastructure.csproj", "{D43C5AEC-5C45-4CB7-BCA7-34EA40E08AB1}"
EndProject
Global
	GlobalSection(SolutionConfigurationPlatforms) = preSolution
		Debug|Any CPU = Debug|Any CPU
		Release|Any CPU = Release|Any CPU
	EndGlobalSection
	GlobalSection(ProjectConfigurationPlatforms) = postSolution
		{F5ABFDDD-9E3F-4165-B781-6C20C0AB6A10}.Debug|Any CPU.ActiveCfg = Debug|Any CPU
		{F5ABFDDD-9E3F-4165-B781-6C20C0AB6A10}.Debug|Any CPU.Build.0 = Debug|Any CPU
		{F5ABFDDD-9E3F-4165-B781-6C20C0AB6A10}.Release|Any CPU.ActiveCfg = Release|Any CPU
		{F5ABFDDD-9E3F-4165-B781-6C20C0AB6A10}.Release|Any CPU.Build.0 = Release|Any CPU
		{E60AE7FA-C2F5-4EAC-8D61-0675E0F4F024}.Debug|Any CPU.ActiveCfg = Debug|Any CPU
		{E60AE7FA-C2F5-4EAC-8D61-0675E0F4F024}.Debug|Any CPU.Build.0 = Debug|Any CPU
		{E60AE7FA-C2F5-4EAC-8D61-0675E0F4F024}.Release|Any CPU.ActiveCfg = Release|Any CPU
		{E60AE7FA-C2F5-4EAC-8D61-0675E0F4F024}.Release|Any CPU.Build.0 = Release|Any CPU
		{D43C5AEC-5C45-4CB7-BCA7-34EA40E08AB1}.Debug|Any CPU.ActiveCfg = Debug|Any CPU
		{D43C5AEC-5C45-4CB7-BCA7-34EA40E08AB1}.Debug|Any CPU.Build.0 = Debug|Any CPU
		{D43C5AEC-5C45-4CB7-BCA7-34EA40E08AB1}.Release|Any CPU.ActiveCfg = Release|Any CPU
		{D43C5AEC-5C45-4CB7-BCA7-34EA40E08AB1}.Release|Any CPU.Build.0 = Release|Any CPU
	EndGlobalSection
	GlobalSection(NestedProjects) = preSolution
	EndGlobalSection
EndGlobal
